
Microsoft Visual Studio Solution File, Format Version 10.00
# Visual Studio 2008
Project("{E24C65DC-7377-472B-9ABA-BC803B73C61A}") = "webapp", "webapp\", "{DC013438-FA33-4214-B3BC-3C3CAFB6B9D5}"
	ProjectSection(WebsiteProperties) = preProject
		SccProjectName = ""
		SccAuxPath = ""
		SccLocalPath = ""
		SccProvider = ""
		TargetFramework = "3.5"
		ProjectReferences = "{47211713-8A42-41DE-8BAB-73096B90DF3D}|LogicLayer.dll;"
		Debug.AspNetCompiler.VirtualPath = "/webapp"
		Debug.AspNetCompiler.PhysicalPath = "webapp\"
		Debug.AspNetCompiler.TargetPath = "PrecompiledWeb\webapp\"
		Debug.AspNetCompiler.Updateable = "true"
		Debug.AspNetCompiler.ForceOverwrite = "true"
		Debug.AspNetCompiler.FixedNames = "true"
		Debug.AspNetCompiler.Debug = "True"
		Release.AspNetCompiler.VirtualPath = "/webapp"
		Release.AspNetCompiler.PhysicalPath = "webapp\"
		Release.AspNetCompiler.TargetPath = "PrecompiledWeb\webapp\"
		Release.AspNetCompiler.Updateable = "true"
		Release.AspNetCompiler.ForceOverwrite = "true"
		Release.AspNetCompiler.FixedNames = "true"
		Release.AspNetCompiler.Debug = "False"
		VWDPort = "53548"
	EndProjectSection
EndProject
Project("{FAE04EC0-301F-11D3-BF4B-00C04F79EFBC}") = "LogicLayer", "LogicLayer\LogicLayer.csproj", "{47211713-8A42-41DE-8BAB-73096B90DF3D}"
EndProject
Project("{FAE04EC0-301F-11D3-BF4B-00C04F79EFBC}") = "WorkflowLayer", "WorkflowLayer\WorkflowLayer.csproj", "{0DD8A24F-5888-4BCD-A976-2D253B9A40A4}"
EndProject
Project("{FAE04EC0-301F-11D3-BF4B-00C04F79EFBC}") = "Service", "Service\Service.csproj", "{4E709478-9CBB-4DB5-88F7-1095174FC603}"
EndProject
Project("{2150E333-8FDC-42A3-9474-1A3956D46DE8}") = "Solution Items", "Solution Items", "{4F406BBD-0963-4D7F-92BC-905EB93ABA1A}"
	ProjectSection(SolutionItems) = preProject
		AjaxControlToolkit.dll = AjaxControlToolkit.dll
		Anacle.DataFramework.dll = Anacle.DataFramework.dll
		Anacle.UIFramework.dll = Anacle.UIFramework.dll
		Anacle.WorkflowActivityLibrary.dll = Anacle.WorkflowActivityLibrary.dll
		Anacle.WorkflowFramework.dll = Anacle.WorkflowFramework.dll
		BarcodeLib.dll = BarcodeLib.dll
		blowery.Web.HttpCompress.dll = blowery.Web.HttpCompress.dll
		Ciloci.Flee.dll = Ciloci.Flee.dll
		CSSFriendly.dll = CSSFriendly.dll
		dotnetCHARTING.dll = dotnetCHARTING.dll
		ExcelLibrary.dll = ExcelLibrary.dll
		FredCK.FCKeditorV2.dll = FredCK.FCKeditorV2.dll
		Microsoft.Exchange.WebServices.dll = Microsoft.Exchange.WebServices.dll
		Microsoft.ReportViewer.Common.dll = Microsoft.ReportViewer.Common.dll
		Microsoft.ReportViewer.WebForms.dll = Microsoft.ReportViewer.WebForms.dll
		Microsoft.Web.Preview.dll = Microsoft.Web.Preview.dll
		OpcAENet.dll = OpcAENet.dll
		schedulecalendar.dll = schedulecalendar.dll
		XmlDANet.dll = XmlDANet.dll
	EndProjectSection
EndProject
Project("{FAE04EC0-301F-11D3-BF4B-00C04F79EFBC}") = "DataMigration", "MigrationTool\DataMigration.csproj", "{6E486D0E-BE2E-4B4B-83D3-6D1CF87DC40D}"
EndProject
Project("{FAE04EC0-301F-11D3-BF4B-00C04F79EFBC}") = "Anacle.MobileWebService", "MobileWebService\Anacle.MobileWebService.csproj", "{C813BF0E-A254-4274-AAFC-B3A39A1BA71C}"
EndProject
Project("{F14B399A-7131-4C87-9E4B-1186C45EF12D}") = "Reports", "Reports\Reports.rptproj", "{288D8BC9-F3DB-4620-BE7F-87E336083420}"
EndProject
Project("{FAE04EC0-301F-11D3-BF4B-00C04F79EFBC}") = "ExcelReaderWebService", "ExcelReaderWebService\ExcelReaderWebService.csproj", "{E49BBAEB-5CEC-4543-A273-6D0E37A5EE85}"
EndProject
Global
	GlobalSection(SolutionConfigurationPlatforms) = preSolution
		Debug|.NET = Debug|.NET
		Debug|Any CPU = Debug|Any CPU
		Debug|Mixed Platforms = Debug|Mixed Platforms
		Debug|x86 = Debug|x86
		DebugLocal|.NET = DebugLocal|.NET
		DebugLocal|Any CPU = DebugLocal|Any CPU
		DebugLocal|Mixed Platforms = DebugLocal|Mixed Platforms
		DebugLocal|x86 = DebugLocal|x86
		Release|.NET = Release|.NET
		Release|Any CPU = Release|Any CPU
		Release|Mixed Platforms = Release|Mixed Platforms
		Release|x86 = Release|x86
	EndGlobalSection
	GlobalSection(ProjectConfigurationPlatforms) = postSolution
		{DC013438-FA33-4214-B3BC-3C3CAFB6B9D5}.Debug|.NET.ActiveCfg = Debug|Any CPU
		{DC013438-FA33-4214-B3BC-3C3CAFB6B9D5}.Debug|Any CPU.ActiveCfg = Debug|Any CPU
		{DC013438-FA33-4214-B3BC-3C3CAFB6B9D5}.Debug|Any CPU.Build.0 = Debug|Any CPU
		{DC013438-FA33-4214-B3BC-3C3CAFB6B9D5}.Debug|Mixed Platforms.ActiveCfg = Debug|Any CPU
		{DC013438-FA33-4214-B3BC-3C3CAFB6B9D5}.Debug|x86.ActiveCfg = Debug|Any CPU
		{DC013438-FA33-4214-B3BC-3C3CAFB6B9D5}.DebugLocal|.NET.ActiveCfg = Debug|Any CPU
		{DC013438-FA33-4214-B3BC-3C3CAFB6B9D5}.DebugLocal|Any CPU.ActiveCfg = Debug|Any CPU
		{DC013438-FA33-4214-B3BC-3C3CAFB6B9D5}.DebugLocal|Any CPU.Build.0 = Debug|Any CPU
		{DC013438-FA33-4214-B3BC-3C3CAFB6B9D5}.DebugLocal|Mixed Platforms.ActiveCfg = Debug|Any CPU
		{DC013438-FA33-4214-B3BC-3C3CAFB6B9D5}.DebugLocal|Mixed Platforms.Build.0 = Debug|Any CPU
		{DC013438-FA33-4214-B3BC-3C3CAFB6B9D5}.DebugLocal|x86.ActiveCfg = Debug|Any CPU
		{DC013438-FA33-4214-B3BC-3C3CAFB6B9D5}.Release|.NET.ActiveCfg = Debug|Any CPU
		{DC013438-FA33-4214-B3BC-3C3CAFB6B9D5}.Release|Any CPU.ActiveCfg = Debug|Any CPU
		{DC013438-FA33-4214-B3BC-3C3CAFB6B9D5}.Release|Any CPU.Build.0 = Debug|Any CPU
		{DC013438-FA33-4214-B3BC-3C3CAFB6B9D5}.Release|Mixed Platforms.ActiveCfg = Debug|Any CPU
		{DC013438-FA33-4214-B3BC-3C3CAFB6B9D5}.Release|Mixed Platforms.Build.0 = Debug|Any CPU
		{DC013438-FA33-4214-B3BC-3C3CAFB6B9D5}.Release|x86.ActiveCfg = Debug|Any CPU
		{47211713-8A42-41DE-8BAB-73096B90DF3D}.Debug|.NET.ActiveCfg = Debug|Any CPU
		{47211713-8A42-41DE-8BAB-73096B90DF3D}.Debug|Any CPU.ActiveCfg = Debug|Any CPU
		{47211713-8A42-41DE-8BAB-73096B90DF3D}.Debug|Any CPU.Build.0 = Debug|Any CPU
		{47211713-8A42-41DE-8BAB-73096B90DF3D}.Debug|Mixed Platforms.ActiveCfg = Debug|Any CPU
		{47211713-8A42-41DE-8BAB-73096B90DF3D}.Debug|Mixed Platforms.Build.0 = Debug|Any CPU
		{47211713-8A42-41DE-8BAB-73096B90DF3D}.Debug|x86.ActiveCfg = Debug|x86
		{47211713-8A42-41DE-8BAB-73096B90DF3D}.Debug|x86.Build.0 = Debug|x86
		{47211713-8A42-41DE-8BAB-73096B90DF3D}.DebugLocal|.NET.ActiveCfg = Debug|x86
		{47211713-8A42-41DE-8BAB-73096B90DF3D}.DebugLocal|Any CPU.ActiveCfg = Debug|x86
		{47211713-8A42-41DE-8BAB-73096B90DF3D}.DebugLocal|Mixed Platforms.ActiveCfg = Debug|x86
		{47211713-8A42-41DE-8BAB-73096B90DF3D}.DebugLocal|Mixed Platforms.Build.0 = Debug|x86
		{47211713-8A42-41DE-8BAB-73096B90DF3D}.DebugLocal|x86.ActiveCfg = Debug|x86
		{47211713-8A42-41DE-8BAB-73096B90DF3D}.DebugLocal|x86.Build.0 = Debug|x86
		{47211713-8A42-41DE-8BAB-73096B90DF3D}.Release|.NET.ActiveCfg = Release|Any CPU
		{47211713-8A42-41DE-8BAB-73096B90DF3D}.Release|Any CPU.ActiveCfg = Release|Any CPU
		{47211713-8A42-41DE-8BAB-73096B90DF3D}.Release|Any CPU.Build.0 = Release|Any CPU
		{47211713-8A42-41DE-8BAB-73096B90DF3D}.Release|Mixed Platforms.ActiveCfg = Release|Any CPU
		{47211713-8A42-41DE-8BAB-73096B90DF3D}.Release|Mixed Platforms.Build.0 = Release|Any CPU
		{47211713-8A42-41DE-8BAB-73096B90DF3D}.Release|x86.ActiveCfg = Release|x86
		{47211713-8A42-41DE-8BAB-73096B90DF3D}.Release|x86.Build.0 = Release|x86
		{0DD8A24F-5888-4BCD-A976-2D253B9A40A4}.Debug|.NET.ActiveCfg = Debug|Any CPU
		{0DD8A24F-5888-4BCD-A976-2D253B9A40A4}.Debug|Any CPU.ActiveCfg = Debug|Any CPU
		{0DD8A24F-5888-4BCD-A976-2D253B9A40A4}.Debug|Any CPU.Build.0 = Debug|Any CPU
		{0DD8A24F-5888-4BCD-A976-2D253B9A40A4}.Debug|Mixed Platforms.ActiveCfg = Debug|Any CPU
		{0DD8A24F-5888-4BCD-A976-2D253B9A40A4}.Debug|x86.ActiveCfg = Debug|Any CPU
		{0DD8A24F-5888-4BCD-A976-2D253B9A40A4}.DebugLocal|.NET.ActiveCfg = Debug|x86
		{0DD8A24F-5888-4BCD-A976-2D253B9A40A4}.DebugLocal|Any CPU.ActiveCfg = Debug|x86
		{0DD8A24F-5888-4BCD-A976-2D253B9A40A4}.DebugLocal|Mixed Platforms.ActiveCfg = Debug|x86
		{0DD8A24F-5888-4BCD-A976-2D253B9A40A4}.DebugLocal|Mixed Platforms.Build.0 = Debug|x86
		{0DD8A24F-5888-4BCD-A976-2D253B9A40A4}.DebugLocal|x86.ActiveCfg = Debug|x86
		{0DD8A24F-5888-4BCD-A976-2D253B9A40A4}.DebugLocal|x86.Build.0 = Debug|x86
		{0DD8A24F-5888-4BCD-A976-2D253B9A40A4}.Release|.NET.ActiveCfg = Release|Any CPU
		{0DD8A24F-5888-4BCD-A976-2D253B9A40A4}.Release|Any CPU.ActiveCfg = Release|Any CPU
		{0DD8A24F-5888-4BCD-A976-2D253B9A40A4}.Release|Any CPU.Build.0 = Release|Any CPU
		{0DD8A24F-5888-4BCD-A976-2D253B9A40A4}.Release|Mixed Platforms.ActiveCfg = Release|Any CPU
		{0DD8A24F-5888-4BCD-A976-2D253B9A40A4}.Release|Mixed Platforms.Build.0 = Release|Any CPU
		{0DD8A24F-5888-4BCD-A976-2D253B9A40A4}.Release|x86.ActiveCfg = Release|x86
		{0DD8A24F-5888-4BCD-A976-2D253B9A40A4}.Release|x86.Build.0 = Release|x86
		{4E709478-9CBB-4DB5-88F7-1095174FC603}.Debug|.NET.ActiveCfg = Debug|Any CPU
		{4E709478-9CBB-4DB5-88F7-1095174FC603}.Debug|Any CPU.ActiveCfg = Debug|Any CPU
		{4E709478-9CBB-4DB5-88F7-1095174FC603}.Debug|Any CPU.Build.0 = Debug|Any CPU
		{4E709478-9CBB-4DB5-88F7-1095174FC603}.Debug|Mixed Platforms.ActiveCfg = Debug|Any CPU
		{4E709478-9CBB-4DB5-88F7-1095174FC603}.Debug|Mixed Platforms.Build.0 = Debug|Any CPU
		{4E709478-9CBB-4DB5-88F7-1095174FC603}.Debug|x86.ActiveCfg = Debug|x86
		{4E709478-9CBB-4DB5-88F7-1095174FC603}.Debug|x86.Build.0 = Debug|x86
		{4E709478-9CBB-4DB5-88F7-1095174FC603}.DebugLocal|.NET.ActiveCfg = Debug|x86
		{4E709478-9CBB-4DB5-88F7-1095174FC603}.DebugLocal|Any CPU.ActiveCfg = Debug|x86
		{4E709478-9CBB-4DB5-88F7-1095174FC603}.DebugLocal|Mixed Platforms.ActiveCfg = Debug|x86
		{4E709478-9CBB-4DB5-88F7-1095174FC603}.DebugLocal|Mixed Platforms.Build.0 = Debug|x86
		{4E709478-9CBB-4DB5-88F7-1095174FC603}.DebugLocal|x86.ActiveCfg = Debug|x86
		{4E709478-9CBB-4DB5-88F7-1095174FC603}.DebugLocal|x86.Build.0 = Debug|x86
		{4E709478-9CBB-4DB5-88F7-1095174FC603}.Release|.NET.ActiveCfg = Release|Any CPU
		{4E709478-9CBB-4DB5-88F7-1095174FC603}.Release|Any CPU.ActiveCfg = Release|Any CPU
		{4E709478-9CBB-4DB5-88F7-1095174FC603}.Release|Any CPU.Build.0 = Release|Any CPU
		{4E709478-9CBB-4DB5-88F7-1095174FC603}.Release|Mixed Platforms.ActiveCfg = Release|Any CPU
		{4E709478-9CBB-4DB5-88F7-1095174FC603}.Release|Mixed Platforms.Build.0 = Release|Any CPU
		{4E709478-9CBB-4DB5-88F7-1095174FC603}.Release|x86.ActiveCfg = Release|x86
		{4E709478-9CBB-4DB5-88F7-1095174FC603}.Release|x86.Build.0 = Release|x86
		{6E486D0E-BE2E-4B4B-83D3-6D1CF87DC40D}.Debug|.NET.ActiveCfg = Debug|Any CPU
		{6E486D0E-BE2E-4B4B-83D3-6D1CF87DC40D}.Debug|Any CPU.ActiveCfg = Debug|Any CPU
		{6E486D0E-BE2E-4B4B-83D3-6D1CF87DC40D}.Debug|Any CPU.Build.0 = Debug|Any CPU
		{6E486D0E-BE2E-4B4B-83D3-6D1CF87DC40D}.Debug|Mixed Platforms.ActiveCfg = Debug|Any CPU
		{6E486D0E-BE2E-4B4B-83D3-6D1CF87DC40D}.Debug|x86.ActiveCfg = Debug|x86
		{6E486D0E-BE2E-4B4B-83D3-6D1CF87DC40D}.Debug|x86.Build.0 = Debug|x86
		{6E486D0E-BE2E-4B4B-83D3-6D1CF87DC40D}.DebugLocal|.NET.ActiveCfg = Debug|x86
		{6E486D0E-BE2E-4B4B-83D3-6D1CF87DC40D}.DebugLocal|Any CPU.ActiveCfg = Debug|x86
		{6E486D0E-BE2E-4B4B-83D3-6D1CF87DC40D}.DebugLocal|Mixed Platforms.ActiveCfg = Debug|x86
		{6E486D0E-BE2E-4B4B-83D3-6D1CF87DC40D}.DebugLocal|Mixed Platforms.Build.0 = Debug|x86
		{6E486D0E-BE2E-4B4B-83D3-6D1CF87DC40D}.DebugLocal|x86.ActiveCfg = Debug|x86
		{6E486D0E-BE2E-4B4B-83D3-6D1CF87DC40D}.DebugLocal|x86.Build.0 = Debug|x86
		{6E486D0E-BE2E-4B4B-83D3-6D1CF87DC40D}.Release|.NET.ActiveCfg = Release|Any CPU
		{6E486D0E-BE2E-4B4B-83D3-6D1CF87DC40D}.Release|Any CPU.ActiveCfg = Release|Any CPU
		{6E486D0E-BE2E-4B4B-83D3-6D1CF87DC40D}.Release|Any CPU.Build.0 = Release|Any CPU
		{6E486D0E-BE2E-4B4B-83D3-6D1CF87DC40D}.Release|Mixed Platforms.ActiveCfg = Release|Any CPU
		{6E486D0E-BE2E-4B4B-83D3-6D1CF87DC40D}.Release|Mixed Platforms.Build.0 = Release|Any CPU
		{6E486D0E-BE2E-4B4B-83D3-6D1CF87DC40D}.Release|x86.ActiveCfg = Release|x86
		{6E486D0E-BE2E-4B4B-83D3-6D1CF87DC40D}.Release|x86.Build.0 = Release|x86
		{C813BF0E-A254-4274-AAFC-B3A39A1BA71C}.Debug|.NET.ActiveCfg = Debug|Any CPU
		{C813BF0E-A254-4274-AAFC-B3A39A1BA71C}.Debug|Any CPU.ActiveCfg = Debug|Any CPU
		{C813BF0E-A254-4274-AAFC-B3A39A1BA71C}.Debug|Any CPU.Build.0 = Debug|Any CPU
		{C813BF0E-A254-4274-AAFC-B3A39A1BA71C}.Debug|Mixed Platforms.ActiveCfg = Debug|Any CPU
		{C813BF0E-A254-4274-AAFC-B3A39A1BA71C}.Debug|Mixed Platforms.Build.0 = Debug|Any CPU
		{C813BF0E-A254-4274-AAFC-B3A39A1BA71C}.Debug|x86.ActiveCfg = Debug|Any CPU
		{C813BF0E-A254-4274-AAFC-B3A39A1BA71C}.DebugLocal|.NET.ActiveCfg = Debug|Any CPU
		{C813BF0E-A254-4274-AAFC-B3A39A1BA71C}.DebugLocal|Any CPU.ActiveCfg = Debug|Any CPU
		{C813BF0E-A254-4274-AAFC-B3A39A1BA71C}.DebugLocal|Any CPU.Build.0 = Debug|Any CPU
		{C813BF0E-A254-4274-AAFC-B3A39A1BA71C}.DebugLocal|Mixed Platforms.ActiveCfg = Debug|Any CPU
		{C813BF0E-A254-4274-AAFC-B3A39A1BA71C}.DebugLocal|Mixed Platforms.Build.0 = Debug|Any CPU
		{C813BF0E-A254-4274-AAFC-B3A39A1BA71C}.DebugLocal|x86.ActiveCfg = Debug|Any CPU
		{C813BF0E-A254-4274-AAFC-B3A39A1BA71C}.Release|.NET.ActiveCfg = Release|Any CPU
		{C813BF0E-A254-4274-AAFC-B3A39A1BA71C}.Release|Any CPU.ActiveCfg = Release|Any CPU
		{C813BF0E-A254-4274-AAFC-B3A39A1BA71C}.Release|Any CPU.Build.0 = Release|Any CPU
		{C813BF0E-A254-4274-AAFC-B3A39A1BA71C}.Release|Mixed Platforms.ActiveCfg = Release|Any CPU
		{C813BF0E-A254-4274-AAFC-B3A39A1BA71C}.Release|Mixed Platforms.Build.0 = Release|Any CPU
		{C813BF0E-A254-4274-AAFC-B3A39A1BA71C}.Release|x86.ActiveCfg = Release|Any CPU
		{288D8BC9-F3DB-4620-BE7F-87E336083420}.Debug|.NET.ActiveCfg = DebugLocal
		{288D8BC9-F3DB-4620-BE7F-87E336083420}.Debug|.NET.Build.0 = DebugLocal
		{288D8BC9-F3DB-4620-BE7F-87E336083420}.Debug|Any CPU.ActiveCfg = DebugLocal
		{288D8BC9-F3DB-4620-BE7F-87E336083420}.Debug|Any CPU.Build.0 = DebugLocal
		{288D8BC9-F3DB-4620-BE7F-87E336083420}.Debug|Mixed Platforms.ActiveCfg = DebugLocal
		{288D8BC9-F3DB-4620-BE7F-87E336083420}.Debug|Mixed Platforms.Build.0 = DebugLocal
		{288D8BC9-F3DB-4620-BE7F-87E336083420}.Debug|x86.ActiveCfg = DebugLocal
		{288D8BC9-F3DB-4620-BE7F-87E336083420}.Debug|x86.Build.0 = DebugLocal
		{288D8BC9-F3DB-4620-BE7F-87E336083420}.DebugLocal|.NET.ActiveCfg = DebugLocal
		{288D8BC9-F3DB-4620-BE7F-87E336083420}.DebugLocal|.NET.Build.0 = DebugLocal
		{288D8BC9-F3DB-4620-BE7F-87E336083420}.DebugLocal|Any CPU.ActiveCfg = DebugLocal
		{288D8BC9-F3DB-4620-BE7F-87E336083420}.DebugLocal|Any CPU.Build.0 = DebugLocal
		{288D8BC9-F3DB-4620-BE7F-87E336083420}.DebugLocal|Mixed Platforms.ActiveCfg = DebugLocal
		{288D8BC9-F3DB-4620-BE7F-87E336083420}.DebugLocal|Mixed Platforms.Build.0 = DebugLocal
		{288D8BC9-F3DB-4620-BE7F-87E336083420}.DebugLocal|x86.ActiveCfg = DebugLocal
		{288D8BC9-F3DB-4620-BE7F-87E336083420}.DebugLocal|x86.Build.0 = DebugLocal
		{288D8BC9-F3DB-4620-BE7F-87E336083420}.Release|.NET.ActiveCfg = Release
		{288D8BC9-F3DB-4620-BE7F-87E336083420}.Release|.NET.Build.0 = Release
		{288D8BC9-F3DB-4620-BE7F-87E336083420}.Release|.NET.Deploy.0 = Release
		{288D8BC9-F3DB-4620-BE7F-87E336083420}.Release|Any CPU.ActiveCfg = Release
		{288D8BC9-F3DB-4620-BE7F-87E336083420}.Release|Any CPU.Build.0 = Release
		{288D8BC9-F3DB-4620-BE7F-87E336083420}.Release|Any CPU.Deploy.0 = Release
		{288D8BC9-F3DB-4620-BE7F-87E336083420}.Release|Mixed Platforms.ActiveCfg = Release
		{288D8BC9-F3DB-4620-BE7F-87E336083420}.Release|Mixed Platforms.Build.0 = Release
		{288D8BC9-F3DB-4620-BE7F-87E336083420}.Release|Mixed Platforms.Deploy.0 = Release
		{288D8BC9-F3DB-4620-BE7F-87E336083420}.Release|x86.ActiveCfg = Release
		{288D8BC9-F3DB-4620-BE7F-87E336083420}.Release|x86.Build.0 = Release
		{288D8BC9-F3DB-4620-BE7F-87E336083420}.Release|x86.Deploy.0 = Release
		{E49BBAEB-5CEC-4543-A273-6D0E37A5EE85}.Debug|.NET.ActiveCfg = Debug|Any CPU
		{E49BBAEB-5CEC-4543-A273-6D0E37A5EE85}.Debug|Any CPU.ActiveCfg = Debug|Any CPU
		{E49BBAEB-5CEC-4543-A273-6D0E37A5EE85}.Debug|Any CPU.Build.0 = Debug|Any CPU
		{E49BBAEB-5CEC-4543-A273-6D0E37A5EE85}.Debug|Mixed Platforms.ActiveCfg = Debug|Any CPU
		{E49BBAEB-5CEC-4543-A273-6D0E37A5EE85}.Debug|Mixed Platforms.Build.0 = Debug|Any CPU
		{E49BBAEB-5CEC-4543-A273-6D0E37A5EE85}.Debug|x86.ActiveCfg = Debug|Any CPU
		{E49BBAEB-5CEC-4543-A273-6D0E37A5EE85}.DebugLocal|.NET.ActiveCfg = Debug|Any CPU
		{E49BBAEB-5CEC-4543-A273-6D0E37A5EE85}.DebugLocal|Any CPU.ActiveCfg = Debug|Any CPU
		{E49BBAEB-5CEC-4543-A273-6D0E37A5EE85}.DebugLocal|Any CPU.Build.0 = Debug|Any CPU
		{E49BBAEB-5CEC-4543-A273-6D0E37A5EE85}.DebugLocal|Mixed Platforms.ActiveCfg = Debug|Any CPU
		{E49BBAEB-5CEC-4543-A273-6D0E37A5EE85}.DebugLocal|Mixed Platforms.Build.0 = Debug|Any CPU
		{E49BBAEB-5CEC-4543-A273-6D0E37A5EE85}.DebugLocal|x86.ActiveCfg = Debug|Any CPU
		{E49BBAEB-5CEC-4543-A273-6D0E37A5EE85}.Release|.NET.ActiveCfg = Release|Any CPU
		{E49BBAEB-5CEC-4543-A273-6D0E37A5EE85}.Release|Any CPU.ActiveCfg = Release|Any CPU
		{E49BBAEB-5CEC-4543-A273-6D0E37A5EE85}.Release|Any CPU.Build.0 = Release|Any CPU
		{E49BBAEB-5CEC-4543-A273-6D0E37A5EE85}.Release|Mixed Platforms.ActiveCfg = Release|Any CPU
		{E49BBAEB-5CEC-4543-A273-6D0E37A5EE85}.Release|Mixed Platforms.Build.0 = Release|Any CPU
		{E49BBAEB-5CEC-4543-A273-6D0E37A5EE85}.Release|x86.ActiveCfg = Release|Any CPU
	EndGlobalSection
	GlobalSection(SolutionProperties) = preSolution
		HideSolutionNode = FALSE
	EndGlobalSection
EndGlobal
